
Microsoft Visual Studio Solution File, Format Version 12.00
# Visual Studio Version 17
VisualStudioVersion = 17.12.35527.113 d17.12
MinimumVisualStudioVersion = 10.0.40219.1
Project("{2150E333-8FDC-42A3-9474-1A3956D46DE8}") = "src", "src", "{2BAA4E30-500D-47A3-A6AB-A31472CB7C64}"
EndProject
Project("{2150E333-8FDC-42A3-9474-1A3956D46DE8}") = "Building Blocks", "Building Blocks", "{27FA534A-71F5-4D90-91EE-2C1EA15F6E27}"
EndProject
Project("{2150E333-8FDC-42A3-9474-1A3956D46DE8}") = "Services", "Services", "{66365C65-1A96-4E10-970C-A381F2293485}"
EndProject
Project("{2150E333-8FDC-42A3-9474-1A3956D46DE8}") = "Web", "Web", "{B29B1453-FACC-4AE7-9A78-9A9411B1951E}"
EndProject
Project("{2150E333-8FDC-42A3-9474-1A3956D46DE8}") = "Core", "Core", "{6AC55CE8-71C6-49BC-ABA6-2F295B87080A}"
EndProject
Project("{2150E333-8FDC-42A3-9474-1A3956D46DE8}") = "Identidade", "Identidade", "{498EFC03-225D-437D-8F82-45066BB0D127}"
EndProject
Project("{FAE04EC0-301F-11D3-BF4B-00C04F79EFBC}") = "Template.Identidade.API", "src\services\Template.Identidade.API\Template.Identidade.API.csproj", "{577E529A-54DF-4C42-BC6C-BD80EE8AA3EA}"
EndProject
Project("{2150E333-8FDC-42A3-9474-1A3956D46DE8}") = "MVC", "MVC", "{9DB40067-D1E6-4AB6-8868-B50DCAC50F56}"
EndProject
Project("{FAE04EC0-301F-11D3-BF4B-00C04F79EFBC}") = "Template.WebApp.MVC", "src\web\Template.WebApp.MVC\Template.WebApp.MVC.csproj", "{BF4AF6FD-F4C7-49BD-AE8D-FEC7027B479D}"
EndProject
Project("{FAE04EC0-301F-11D3-BF4B-00C04F79EFBC}") = "Template.Core", "src\building blocks\Template.Core\Template.Core.csproj", "{507D09EF-54EB-4E33-8033-0B48D8D48BB2}"
EndProject
Project("{2150E333-8FDC-42A3-9474-1A3956D46DE8}") = "Carrinho", "Carrinho", "{F0A45B0C-C2DB-4E40-BD23-EA1378CAA712}"
EndProject
Project("{2150E333-8FDC-42A3-9474-1A3956D46DE8}") = "Catalogo", "Catalogo", "{3D3422EC-D81D-4171-A0C2-DD460D8542A7}"
EndProject
Project("{2150E333-8FDC-42A3-9474-1A3956D46DE8}") = "Cliente", "Cliente", "{95CC2F76-ADA7-4422-9605-8B5A06FDA539}"
EndProject
Project("{2150E333-8FDC-42A3-9474-1A3956D46DE8}") = "Pagamento", "Pagamento", "{B699D36A-1A92-4DE0-B86F-7B358A31C99B}"
EndProject
Project("{2150E333-8FDC-42A3-9474-1A3956D46DE8}") = "Pedido", "Pedido", "{64C6D63A-3378-406D-95F1-79DA1336D05E}"
EndProject
Project("{FAE04EC0-301F-11D3-BF4B-00C04F79EFBC}") = "Template.Carrinho.API", "src\services\Template.Carrinho.API\Template.Carrinho.API.csproj", "{D67FB2A0-697B-46F0-AD04-97F089A035D7}"
EndProject
Project("{FAE04EC0-301F-11D3-BF4B-00C04F79EFBC}") = "Template.Catalogo.API", "src\services\Template.Catalogo.API\Template.Catalogo.API.csproj", "{32846E26-FD7C-44C0-B276-BD070C117DE1}"
EndProject
Project("{FAE04EC0-301F-11D3-BF4B-00C04F79EFBC}") = "Template.Cliente.API", "src\services\Template.Cliente.API\Template.Cliente.API.csproj", "{A8CDAB52-C516-4832-B882-056E49864331}"
EndProject
Project("{FAE04EC0-301F-11D3-BF4B-00C04F79EFBC}") = "Template.Pagamento.API", "src\services\Template.Pagamento.API\Template.Pagamento.API.csproj", "{41841B13-AF91-4F5D-AFC0-93D2324ABC39}"
EndProject
Project("{FAE04EC0-301F-11D3-BF4B-00C04F79EFBC}") = "Template.Pedido.API", "src\services\Template.Pedido.API\Template.Pedido.API.csproj", "{2B585580-ECFA-4EF1-9E3E-2A1717147E8C}"
EndProject
Global
	GlobalSection(SolutionConfigurationPlatforms) = preSolution
		Debug|Any CPU = Debug|Any CPU
		Release|Any CPU = Release|Any CPU
	EndGlobalSection
	GlobalSection(ProjectConfigurationPlatforms) = postSolution
		{577E529A-54DF-4C42-BC6C-BD80EE8AA3EA}.Debug|Any CPU.ActiveCfg = Debug|Any CPU
		{577E529A-54DF-4C42-BC6C-BD80EE8AA3EA}.Debug|Any CPU.Build.0 = Debug|Any CPU
		{577E529A-54DF-4C42-BC6C-BD80EE8AA3EA}.Release|Any CPU.ActiveCfg = Release|Any CPU
		{577E529A-54DF-4C42-BC6C-BD80EE8AA3EA}.Release|Any CPU.Build.0 = Release|Any CPU
		{BF4AF6FD-F4C7-49BD-AE8D-FEC7027B479D}.Debug|Any CPU.ActiveCfg = Debug|Any CPU
		{BF4AF6FD-F4C7-49BD-AE8D-FEC7027B479D}.Debug|Any CPU.Build.0 = Debug|Any CPU
		{BF4AF6FD-F4C7-49BD-AE8D-FEC7027B479D}.Release|Any CPU.ActiveCfg = Release|Any CPU
		{BF4AF6FD-F4C7-49BD-AE8D-FEC7027B479D}.Release|Any CPU.Build.0 = Release|Any CPU
		{507D09EF-54EB-4E33-8033-0B48D8D48BB2}.Debug|Any CPU.ActiveCfg = Debug|Any CPU
		{507D09EF-54EB-4E33-8033-0B48D8D48BB2}.Debug|Any CPU.Build.0 = Debug|Any CPU
		{507D09EF-54EB-4E33-8033-0B48D8D48BB2}.Release|Any CPU.ActiveCfg = Release|Any CPU
		{507D09EF-54EB-4E33-8033-0B48D8D48BB2}.Release|Any CPU.Build.0 = Release|Any CPU
		{D67FB2A0-697B-46F0-AD04-97F089A035D7}.Debug|Any CPU.ActiveCfg = Debug|Any CPU
		{D67FB2A0-697B-46F0-AD04-97F089A035D7}.Debug|Any CPU.Build.0 = Debug|Any CPU
		{D67FB2A0-697B-46F0-AD04-97F089A035D7}.Release|Any CPU.ActiveCfg = Release|Any CPU
		{D67FB2A0-697B-46F0-AD04-97F089A035D7}.Release|Any CPU.Build.0 = Release|Any CPU
		{32846E26-FD7C-44C0-B276-BD070C117DE1}.Debug|Any CPU.ActiveCfg = Debug|Any CPU
		{32846E26-FD7C-44C0-B276-BD070C117DE1}.Debug|Any CPU.Build.0 = Debug|Any CPU
		{32846E26-FD7C-44C0-B276-BD070C117DE1}.Release|Any CPU.ActiveCfg = Release|Any CPU
		{32846E26-FD7C-44C0-B276-BD070C117DE1}.Release|Any CPU.Build.0 = Release|Any CPU
		{A8CDAB52-C516-4832-B882-056E49864331}.Debug|Any CPU.ActiveCfg = Debug|Any CPU
		{A8CDAB52-C516-4832-B882-056E49864331}.Debug|Any CPU.Build.0 = Debug|Any CPU
		{A8CDAB52-C516-4832-B882-056E49864331}.Release|Any CPU.ActiveCfg = Release|Any CPU
		{A8CDAB52-C516-4832-B882-056E49864331}.Release|Any CPU.Build.0 = Release|Any CPU
		{41841B13-AF91-4F5D-AFC0-93D2324ABC39}.Debug|Any CPU.ActiveCfg = Debug|Any CPU
		{41841B13-AF91-4F5D-AFC0-93D2324ABC39}.Debug|Any CPU.Build.0 = Debug|Any CPU
		{41841B13-AF91-4F5D-AFC0-93D2324ABC39}.Release|Any CPU.ActiveCfg = Release|Any CPU
		{41841B13-AF91-4F5D-AFC0-93D2324ABC39}.Release|Any CPU.Build.0 = Release|Any CPU
		{2B585580-ECFA-4EF1-9E3E-2A1717147E8C}.Debug|Any CPU.ActiveCfg = Debug|Any CPU
		{2B585580-ECFA-4EF1-9E3E-2A1717147E8C}.Debug|Any CPU.Build.0 = Debug|Any CPU
		{2B585580-ECFA-4EF1-9E3E-2A1717147E8C}.Release|Any CPU.ActiveCfg = Release|Any CPU
		{2B585580-ECFA-4EF1-9E3E-2A1717147E8C}.Release|Any CPU.Build.0 = Release|Any CPU
	EndGlobalSection
	GlobalSection(SolutionProperties) = preSolution
		HideSolutionNode = FALSE
	EndGlobalSection
	GlobalSection(NestedProjects) = preSolution
		{27FA534A-71F5-4D90-91EE-2C1EA15F6E27} = {2BAA4E30-500D-47A3-A6AB-A31472CB7C64}
		{66365C65-1A96-4E10-970C-A381F2293485} = {2BAA4E30-500D-47A3-A6AB-A31472CB7C64}
		{B29B1453-FACC-4AE7-9A78-9A9411B1951E} = {2BAA4E30-500D-47A3-A6AB-A31472CB7C64}
		{6AC55CE8-71C6-49BC-ABA6-2F295B87080A} = {27FA534A-71F5-4D90-91EE-2C1EA15F6E27}
		{498EFC03-225D-437D-8F82-45066BB0D127} = {66365C65-1A96-4E10-970C-A381F2293485}
		{577E529A-54DF-4C42-BC6C-BD80EE8AA3EA} = {498EFC03-225D-437D-8F82-45066BB0D127}
		{9DB40067-D1E6-4AB6-8868-B50DCAC50F56} = {B29B1453-FACC-4AE7-9A78-9A9411B1951E}
		{BF4AF6FD-F4C7-49BD-AE8D-FEC7027B479D} = {9DB40067-D1E6-4AB6-8868-B50DCAC50F56}
		{507D09EF-54EB-4E33-8033-0B48D8D48BB2} = {6AC55CE8-71C6-49BC-ABA6-2F295B87080A}
		{F0A45B0C-C2DB-4E40-BD23-EA1378CAA712} = {66365C65-1A96-4E10-970C-A381F2293485}
		{3D3422EC-D81D-4171-A0C2-DD460D8542A7} = {66365C65-1A96-4E10-970C-A381F2293485}
		{95CC2F76-ADA7-4422-9605-8B5A06FDA539} = {66365C65-1A96-4E10-970C-A381F2293485}
		{B699D36A-1A92-4DE0-B86F-7B358A31C99B} = {66365C65-1A96-4E10-970C-A381F2293485}
		{64C6D63A-3378-406D-95F1-79DA1336D05E} = {66365C65-1A96-4E10-970C-A381F2293485}
		{D67FB2A0-697B-46F0-AD04-97F089A035D7} = {F0A45B0C-C2DB-4E40-BD23-EA1378CAA712}
		{32846E26-FD7C-44C0-B276-BD070C117DE1} = {3D3422EC-D81D-4171-A0C2-DD460D8542A7}
		{A8CDAB52-C516-4832-B882-056E49864331} = {95CC2F76-ADA7-4422-9605-8B5A06FDA539}
		{41841B13-AF91-4F5D-AFC0-93D2324ABC39} = {B699D36A-1A92-4DE0-B86F-7B358A31C99B}
		{2B585580-ECFA-4EF1-9E3E-2A1717147E8C} = {64C6D63A-3378-406D-95F1-79DA1336D05E}
	EndGlobalSection
EndGlobal
